Microsoft Visual Studio Solution File, Format Version 12.00
# Visual Studio Version 17
VisualStudioVersion = 17.5.2.0
MinimumVisualStudioVersion = 10.0.40219.1
Project("{FAE04EC0-301F-11D3-BF4B-00C04F79EFBC}") = "user-service", "user-service\user-service.csproj", "{D0D1AEC2-71CC-415E-E7DB-D41D2FF23517}"
EndProject
Project("{FAE04EC0-301F-11D3-BF4B-00C04F79EFBC}") = "driver-service", "driver-service\driver-service.csproj", "{705B18BC-1D97-C222-BB1A-7111FBA1E2DD}"
EndProject
Global
	GlobalSection(SolutionConfigurationPlatforms) = preSolution
		Debug|Any CPU = Debug|Any CPU
		Release|Any CPU = Release|Any CPU
	EndGlobalSection
	GlobalSection(ProjectConfigurationPlatforms) = postSolution
		{D0D1AEC2-71CC-415E-E7DB-D41D2FF23517}.Debug|Any CPU.ActiveCfg = Debug|Any CPU
		{D0D1AEC2-71CC-415E-E7DB-D41D2FF23517}.Debug|Any CPU.Build.0 = Debug|Any CPU
		{D0D1AEC2-71CC-415E-E7DB-D41D2FF23517}.Release|Any CPU.ActiveCfg = Release|Any CPU
		{D0D1AEC2-71CC-415E-E7DB-D41D2FF23517}.Release|Any CPU.Build.0 = Release|Any CPU
		{705B18BC-1D97-C222-BB1A-7111FBA1E2DD}.Debug|Any CPU.ActiveCfg = Debug|Any CPU
		{705B18BC-1D97-C222-BB1A-7111FBA1E2DD}.Debug|Any CPU.Build.0 = Debug|Any CPU
		{705B18BC-1D97-C222-BB1A-7111FBA1E2DD}.Release|Any CPU.ActiveCfg = Release|Any CPU
		{705B18BC-1D97-C222-BB1A-7111FBA1E2DD}.Release|Any CPU.Build.0 = Release|Any CPU
	EndGlobalSection
	GlobalSection(SolutionProperties) = preSolution
		HideSolutionNode = FALSE
	EndGlobalSection
	GlobalSection(ExtensibilityGlobals) = postSolution
		SolutionGuid = {E955F4E9-746B-47AE-8A5D-30E0E62114B8}
	EndGlobalSection
EndGlobal
